
Microsoft Visual Studio Solution File, Format Version 12.00
# Visual Studio Version 16
VisualStudioVersion = 16.0.29806.167
MinimumVisualStudioVersion = 10.0.40219.1
Project("{FAE04EC0-301F-11D3-BF4B-00C04F79EFBC}") = "MAD.API.Namely", "MAD.API.Namely\MAD.API.Namely.csproj", "{2EE2389D-BE91-41E4-9FD3-532E0BF8DC22}"
EndProject
Project("{FAE04EC0-301F-11D3-BF4B-00C04F79EFBC}") = "MAD.API.Namely.Tests", "MAD.API.Namely.Tests\MAD.API.Namely.Tests.csproj", "{F47EB3D8-BAC1-4149-B625-3DACB7D1ACCA}"
EndProject
Global
	GlobalSection(SolutionConfigurationPlatforms) = preSolution
		Debug|Any CPU = Debug|Any CPU
		Release|Any CPU = Release|Any CPU
	EndGlobalSection
	GlobalSection(ProjectConfigurationPlatforms) = postSolution
		{2EE2389D-BE91-41E4-9FD3-532E0BF8DC22}.Debug|Any CPU.ActiveCfg = Debug|Any CPU
		{2EE2389D-BE91-41E4-9FD3-532E0BF8DC22}.Debug|Any CPU.Build.0 = Debug|Any CPU
		{2EE2389D-BE91-41E4-9FD3-532E0BF8DC22}.Release|Any CPU.ActiveCfg = Release|Any CPU
		{2EE2389D-BE91-41E4-9FD3-532E0BF8DC22}.Release|Any CPU.Build.0 = Release|Any CPU
		{F47EB3D8-BAC1-4149-B625-3DACB7D1ACCA}.Debug|Any CPU.ActiveCfg = Debug|Any CPU
		{F47EB3D8-BAC1-4149-B625-3DACB7D1ACCA}.Debug|Any CPU.Build.0 = Debug|Any CPU
		{F47EB3D8-BAC1-4149-B625-3DACB7D1ACCA}.Release|Any CPU.ActiveCfg = Release|Any CPU
		{F47EB3D8-BAC1-4149-B625-3DACB7D1ACCA}.Release|Any CPU.Build.0 = Release|Any CPU
	EndGlobalSection
	GlobalSection(SolutionProperties) = preSolution
		HideSolutionNode = FALSE
	EndGlobalSection
	GlobalSection(ExtensibilityGlobals) = postSolution
		SolutionGuid = {06C38097-5B0A-4C4E-B529-39F65E6F2213}
	EndGlobalSection
EndGlobal
